<?xml version="1.0" encoding="utf-8"?>
<!-- Copyright (c) 2015-2019 LunarG, Inc. -->
<Project ToolsVersion="4.0" xmlns="http://schemas.microsoft.com/developer/msbuild/2003">
  <ItemGroup>
    <ClCompile Include="main.cpp" />
    <ClCompile Include="layout.cpp" />
    <ClCompile Include="renderer.cpp" />
    <ClCompile Include="fuck.cpp" />
  </ItemGroup>
  <ItemGroup>
    <ClInclude Include="main.h" />
    <ClInclude Include="DirStackFileIncluder.h" />
    <ClInclude Include="include\glslang\build_info.h" />
    <ClInclude Include="include\glslang\Include\glslang_c_interface.h" />
    <ClInclude Include="include\glslang\Include\glslang_c_shader_types.h" />
    <ClInclude Include="include\glslang\Include\ResourceLimits.h" />
    <ClInclude Include="include\glslang\MachineIndependent\Versions.h" />
    <ClInclude Include="include\glslang\Public\ResourceLimits.h" />
    <ClInclude Include="include\glslang\Public\resource_limits_c.h" />
    <ClInclude Include="include\glslang\Public\ShaderLang.h" />
    <ClInclude Include="include\glslang\SPIRV\disassemble.h" />
    <ClInclude Include="include\glslang\SPIRV\GlslangToSpv.h" />
    <ClInclude Include="include\glslang\SPIRV\Logger.h" />
    <ClInclude Include="include\glslang\SPIRV\spirv.hpp" />
    <ClInclude Include="include\glslang\SPIRV\SPVRemapper.h" />
    <ClInclude Include="layout.h" />
    <ClInclude Include="renderer.h" />
    <ClInclude Include="include\vk_mem_alloc.h" />
    <ClInclude Include="fuck.h" />
  </ItemGroup>
  <ItemGroup>
    <None Include="vert.glsl" />
    <None Include="frag.glsl" />
  </ItemGroup>
</Project>